PODS:
  - Capacitor (5.0.0-rc.2):
    - CapacitorCordova
  - CapacitorCordova (5.0.0-rc.2)

DEPENDENCIES:
  - "Capacitor (from `../node_modules/@capacitor/ios`)"
  - "CapacitorCordova (from `../node_modules/@capacitor/ios`)"

EXTERNAL SOURCES:
  Capacitor:
    :path: "../node_modules/@capacitor/ios"
  CapacitorCordova:
    :path: "../node_modules/@capacitor/ios"

SPEC CHECKSUMS:
  Capacitor: 66adc61750eaca730fbb8d296d5e1027c1aef664
  CapacitorCordova: 74c97b20c65078c395f4289f7acaaf59587124a2

PODFILE CHECKSUM: 14e8b2400457751b865e1c327e7cfa1c6fa67da6

COCOAPODS: 1.12.1
